// !$*UTF8*$!
{
	archiveVersion = 1;
	classes = {
	};
	objectVersion = 56;
	objects = {

/* Begin PBXBuildFile section */
		A1000001 /* AiTaskAssistantApp.swift in Sources */ = {isa = PBXBuildFile; fileRef = A2000001 /* AiTaskAssistantApp.swift */; };
		A1000002 /* ContentView.swift in Sources */ = {isa = PBXBuildFile; fileRef = A2000002 /* ContentView.swift */; };
		A1000003 /* NoteView.swift in Sources */ = {isa = PBXBuildFile; fileRef = A2000003 /* NoteView.swift */; };
		A1000004 /* WeekView.swift in Sources */ = {isa = PBXBuildFile; fileRef = A2000004 /* WeekView.swift */; };
		A1000005 /* TaskItem.swift in Sources */ = {isa = PBXBuildFile; fileRef = A2000005 /* TaskItem.swift */; };
		A1000006 /* RuleBasedExtractionService.swift in Sources */ = {isa = PBXBuildFile; fileRef = A2000006 /* RuleBasedExtractionService.swift */; };
		A1000007 /* AddTaskIntent.swift in Sources */ = {isa = PBXBuildFile; fileRef = A2000007 /* AddTaskIntent.swift */; };
		A1000008 /* AiTaskAssistantTests.swift in Sources */ = {isa = PBXBuildFile; fileRef = A2000008 /* AiTaskAssistantTests.swift */; };
		A1000009 /* ExtractionHarnessView.swift in Sources */ = {isa = PBXBuildFile; fileRef = A2000012 /* ExtractionHarnessView.swift */; };
		A1000010 /* TaskEditView.swift in Sources */ = {isa = PBXBuildFile; fileRef = A2000013 /* TaskEditView.swift */; };
		A1000011 /* SpeechRecognizer.swift in Sources */ = {isa = PBXBuildFile; fileRef = A2000014 /* SpeechRecognizer.swift */; };
		A1000012 /* NotificationService.swift in Sources */ = {isa = PBXBuildFile; fileRef = A2000015 /* NotificationService.swift */; };
		A1000013 /* Assets.xcassets in Resources */ = {isa = PBXBuildFile; fileRef = A2000016 /* Assets.xcassets */; };
		A1000017 /* ExtractionCorpus.swift in Sources */ = {isa = PBXBuildFile; fileRef = A2000021 /* ExtractionCorpus.swift */; };
		A1000018 /* ExtractionAccuracyTests.swift in Sources */ = {isa = PBXBuildFile; fileRef = A2000022 /* ExtractionAccuracyTests.swift */; };
		A1000019 /* SupportedLanguage.swift in Sources */ = {isa = PBXBuildFile; fileRef = A2000023 /* SupportedLanguage.swift */; };
		A1000020 /* OnboardingLanguageView.swift in Sources */ = {isa = PBXBuildFile; fileRef = A2000024 /* OnboardingLanguageView.swift */; };
		A1000021 /* NoteLine.swift in Sources */ = {isa = PBXBuildFile; fileRef = A2000025 /* NoteLine.swift */; };
		A1000022 /* LanguagePack.swift in Sources */ = {isa = PBXBuildFile; fileRef = A2000026 /* LanguagePack.swift */; };
		A1000023 /* en.json in Resources */ = {isa = PBXBuildFile; fileRef = A2000027 /* en.json */; };
		A1000024 /* de.json in Resources */ = {isa = PBXBuildFile; fileRef = A2000028 /* de.json */; };
		A1000025 /* fr.json in Resources */ = {isa = PBXBuildFile; fileRef = A2000029 /* fr.json */; };
		A1000026 /* es.json in Resources */ = {isa = PBXBuildFile; fileRef = A2000030 /* es.json */; };
		A1000027 /* it.json in Resources */ = {isa = PBXBuildFile; fileRef = A2000031 /* it.json */; };
		A1000028 /* pt.json in Resources */ = {isa = PBXBuildFile; fileRef = A2000032 /* pt.json */; };
		A1000029 /* nl.json in Resources */ = {isa = PBXBuildFile; fileRef = A2000033 /* nl.json */; };
		A1000030 /* pl.json in Resources */ = {isa = PBXBuildFile; fileRef = A2000034 /* pl.json */; };
		A1000031 /* EntityMemory.swift in Sources */ = {isa = PBXBuildFile; fileRef = A2000035 /* EntityMemory.swift */; };
		A1000032 /* EntityMemoryService.swift in Sources */ = {isa = PBXBuildFile; fileRef = A2000036 /* EntityMemoryService.swift */; };
		A1000033 /* EntityMemoryServiceTests.swift in Sources */ = {isa = PBXBuildFile; fileRef = A2000037 /* EntityMemoryServiceTests.swift */; };
		A1000034 /* FoundationModelsFallback.swift in Sources */ = {isa = PBXBuildFile; fileRef = A2000038 /* FoundationModelsFallback.swift */; };
		A1000035 /* STTNormalizationTests.swift in Sources */ = {isa = PBXBuildFile; fileRef = A2000039 /* STTNormalizationTests.swift */; };
		A1000036 /* Theme.swift in Sources */ = {isa = PBXBuildFile; fileRef = A2000040 /* Theme.swift */; };
		A1000037 /* ShoppingItem.swift in Sources */ = {isa = PBXBuildFile; fileRef = A2000041 /* ShoppingItem.swift */; };
		A1000038 /* ShoppingListView.swift in Sources */ = {isa = PBXBuildFile; fileRef = A2000042 /* ShoppingListView.swift */; };
		A1000039 /* SettingsView.swift in Sources */ = {isa = PBXBuildFile; fileRef = A2000043 /* SettingsView.swift */; };
		A1000040 /* BricolageGrotesque.ttf in Resources */ = {isa = PBXBuildFile; fileRef = A2000044 /* BricolageGrotesque.ttf */; };
		A1000041 /* Outfit.ttf in Resources */ = {isa = PBXBuildFile; fileRef = A2000045 /* Outfit.ttf */; };
		A1000042 /* TaskCardView.swift in Sources */ = {isa = PBXBuildFile; fileRef = A2000046 /* TaskCardView.swift */; };
		A1000043 /* TasklistView.swift in Sources */ = {isa = PBXBuildFile; fileRef = A2000047 /* TasklistView.swift */; };
		A1000044 /* SubscriptionService.swift in Sources */ = {isa = PBXBuildFile; fileRef = A2000048 /* SubscriptionService.swift */; };
		A1000045 /* PaywallView.swift in Sources */ = {isa = PBXBuildFile; fileRef = A2000049 /* PaywallView.swift */; };
		A1000046 /* SharedModelContainer.swift in Sources */ = {isa = PBXBuildFile; fileRef = A2000050 /* SharedModelContainer.swift */; };
		A1000047 /* Localizable.xcstrings in Resources */ = {isa = PBXBuildFile; fileRef = A2000053 /* Localizable.xcstrings */; };
		A1000048 /* OnboardingFlowView.swift in Sources */ = {isa = PBXBuildFile; fileRef = A2000054 /* OnboardingFlowView.swift */; };
		A1000049 /* CustomCategory.swift in Sources */ = {isa = PBXBuildFile; fileRef = A2000055 /* CustomCategory.swift */; };
		A1000050 /* CustomCategoryPicker.swift in Sources */ = {isa = PBXBuildFile; fileRef = A2000056 /* CustomCategoryPicker.swift */; };
		C1000001 /* RevenueCat in Frameworks */ = {isa = PBXBuildFile; productRef = C3000001 /* RevenueCat */; };
		D1000001 /* AiTaskAssistantWidgetsBundle.swift in Sources */ = {isa = PBXBuildFile; fileRef = D2000002 /* AiTaskAssistantWidgetsBundle.swift */; };
		D1000002 /* TaskWidgetData.swift in Sources */ = {isa = PBXBuildFile; fileRef = D2000003 /* TaskWidgetData.swift */; };
		D1000003 /* SharedModelContainer.swift in Sources */ = {isa = PBXBuildFile; fileRef = A2000050 /* SharedModelContainer.swift */; };
		D1000004 /* TaskItem.swift in Sources */ = {isa = PBXBuildFile; fileRef = A2000005 /* TaskItem.swift */; };
		D1000005 /* NoteLine.swift in Sources */ = {isa = PBXBuildFile; fileRef = A2000025 /* NoteLine.swift */; };
		D1000006 /* EntityMemory.swift in Sources */ = {isa = PBXBuildFile; fileRef = A2000035 /* EntityMemory.swift */; };
		D1000007 /* ShoppingItem.swift in Sources */ = {isa = PBXBuildFile; fileRef = A2000041 /* ShoppingItem.swift */; };
		D1000008 /* CustomCategory.swift in Sources */ = {isa = PBXBuildFile; fileRef = A2000055 /* CustomCategory.swift */; };
		D1000010 /* AiTaskAssistantWidgets.appex in Embed Foundation Extensions */ = {isa = PBXBuildFile; fileRef = D2000010 /* AiTaskAssistantWidgets.appex */; settings = {ATTRIBUTES = (RemoveHeadersOnCopy, ); }; };
/* End PBXBuildFile section */

/* Begin PBXFileReference section */
		A2000001 /* AiTaskAssistantApp.swift */ = {isa = PBXFileReference; lastKnownFileType = sourcecode.swift; path = AiTaskAssistantApp.swift; sourceTree = "<group>"; };
		A2000002 /* ContentView.swift */ = {isa = PBXFileReference; lastKnownFileType = sourcecode.swift; path = ContentView.swift; sourceTree = "<group>"; };
		A2000003 /* NoteView.swift */ = {isa = PBXFileReference; lastKnownFileType = sourcecode.swift; path = NoteView.swift; sourceTree = "<group>"; };
		A2000004 /* WeekView.swift */ = {isa = PBXFileReference; lastKnownFileType = sourcecode.swift; path = WeekView.swift; sourceTree = "<group>"; };
		A2000005 /* TaskItem.swift */ = {isa = PBXFileReference; lastKnownFileType = sourcecode.swift; path = TaskItem.swift; sourceTree = "<group>"; };
		A2000012 /* ExtractionHarnessView.swift */ = {isa = PBXFileReference; lastKnownFileType = sourcecode.swift; path = ExtractionHarnessView.swift; sourceTree = "<group>"; };
		A2000013 /* TaskEditView.swift */ = {isa = PBXFileReference; lastKnownFileType = sourcecode.swift; path = TaskEditView.swift; sourceTree = "<group>"; };
		A2000014 /* SpeechRecognizer.swift */ = {isa = PBXFileReference; lastKnownFileType = sourcecode.swift; path = SpeechRecognizer.swift; sourceTree = "<group>"; };
		A2000015 /* NotificationService.swift */ = {isa = PBXFileReference; lastKnownFileType = sourcecode.swift; path = NotificationService.swift; sourceTree = "<group>"; };
		A2000006 /* RuleBasedExtractionService.swift */ = {isa = PBXFileReference; lastKnownFileType = sourcecode.swift; path = RuleBasedExtractionService.swift; sourceTree = "<group>"; };
		A2000007 /* AddTaskIntent.swift */ = {isa = PBXFileReference; lastKnownFileType = sourcecode.swift; path = AddTaskIntent.swift; sourceTree = "<group>"; };
		A2000008 /* AiTaskAssistantTests.swift */ = {isa = PBXFileReference; lastKnownFileType = sourcecode.swift; path = AiTaskAssistantTests.swift; sourceTree = "<group>"; };
		A2000009 /* Info.plist */ = {isa = PBXFileReference; lastKnownFileType = text.plist.xml; path = Info.plist; sourceTree = "<group>"; };
		A2000016 /* Assets.xcassets */ = {isa = PBXFileReference; lastKnownFileType = folder.assetcatalog; path = Assets.xcassets; sourceTree = "<group>"; };
		A2000010 /* AiTaskAssistant.app */ = {isa = PBXFileReference; explicitFileType = wrapper.application; includeInIndex = 0; path = AiTaskAssistant.app; sourceTree = BUILT_PRODUCTS_DIR; };
		A2000011 /* AiTaskAssistantTests.xctest */ = {isa = PBXFileReference; explicitFileType = wrapper.cfbundle; includeInIndex = 0; path = AiTaskAssistantTests.xctest; sourceTree = BUILT_PRODUCTS_DIR; };
		A2000021 /* ExtractionCorpus.swift */ = {isa = PBXFileReference; lastKnownFileType = sourcecode.swift; path = ExtractionCorpus.swift; sourceTree = "<group>"; };
		A2000022 /* ExtractionAccuracyTests.swift */ = {isa = PBXFileReference; lastKnownFileType = sourcecode.swift; path = ExtractionAccuracyTests.swift; sourceTree = "<group>"; };
		A2000023 /* SupportedLanguage.swift */ = {isa = PBXFileReference; lastKnownFileType = sourcecode.swift; path = SupportedLanguage.swift; sourceTree = "<group>"; };
		A2000024 /* OnboardingLanguageView.swift */ = {isa = PBXFileReference; lastKnownFileType = sourcecode.swift; path = OnboardingLanguageView.swift; sourceTree = "<group>"; };
		A2000025 /* NoteLine.swift */ = {isa = PBXFileReference; lastKnownFileType = sourcecode.swift; path = NoteLine.swift; sourceTree = "<group>"; };
		A2000026 /* LanguagePack.swift */ = {isa = PBXFileReference; lastKnownFileType = sourcecode.swift; path = LanguagePack.swift; sourceTree = "<group>"; };
		A2000027 /* en.json */ = {isa = PBXFileReference; lastKnownFileType = text.json; path = en.json; sourceTree = "<group>"; };
		A2000028 /* de.json */ = {isa = PBXFileReference; lastKnownFileType = text.json; path = de.json; sourceTree = "<group>"; };
		A2000029 /* fr.json */ = {isa = PBXFileReference; lastKnownFileType = text.json; path = fr.json; sourceTree = "<group>"; };
		A2000030 /* es.json */ = {isa = PBXFileReference; lastKnownFileType = text.json; path = es.json; sourceTree = "<group>"; };
		A2000031 /* it.json */ = {isa = PBXFileReference; lastKnownFileType = text.json; path = it.json; sourceTree = "<group>"; };
		A2000032 /* pt.json */ = {isa = PBXFileReference; lastKnownFileType = text.json; path = pt.json; sourceTree = "<group>"; };
		A2000033 /* nl.json */ = {isa = PBXFileReference; lastKnownFileType = text.json; path = nl.json; sourceTree = "<group>"; };
		A2000034 /* pl.json */ = {isa = PBXFileReference; lastKnownFileType = text.json; path = pl.json; sourceTree = "<group>"; };
		A2000035 /* EntityMemory.swift */ = {isa = PBXFileReference; lastKnownFileType = sourcecode.swift; path = EntityMemory.swift; sourceTree = "<group>"; };
		A2000036 /* EntityMemoryService.swift */ = {isa = PBXFileReference; lastKnownFileType = sourcecode.swift; path = EntityMemoryService.swift; sourceTree = "<group>"; };
		A2000037 /* EntityMemoryServiceTests.swift */ = {isa = PBXFileReference; lastKnownFileType = sourcecode.swift; path = EntityMemoryServiceTests.swift; sourceTree = "<group>"; };
		A2000038 /* FoundationModelsFallback.swift */ = {isa = PBXFileReference; lastKnownFileType = sourcecode.swift; path = FoundationModelsFallback.swift; sourceTree = "<group>"; };
		A2000039 /* STTNormalizationTests.swift */ = {isa = PBXFileReference; lastKnownFileType = sourcecode.swift; path = STTNormalizationTests.swift; sourceTree = "<group>"; };
		A2000040 /* Theme.swift */ = {isa = PBXFileReference; lastKnownFileType = sourcecode.swift; path = Theme.swift; sourceTree = "<group>"; };
		A2000041 /* ShoppingItem.swift */ = {isa = PBXFileReference; lastKnownFileType = sourcecode.swift; path = ShoppingItem.swift; sourceTree = "<group>"; };
		A2000042 /* ShoppingListView.swift */ = {isa = PBXFileReference; lastKnownFileType = sourcecode.swift; path = ShoppingListView.swift; sourceTree = "<group>"; };
		A2000043 /* SettingsView.swift */ = {isa = PBXFileReference; lastKnownFileType = sourcecode.swift; path = SettingsView.swift; sourceTree = "<group>"; };
		A2000044 /* BricolageGrotesque.ttf */ = {isa = PBXFileReference; lastKnownFileType = file; path = BricolageGrotesque.ttf; sourceTree = "<group>"; };
		A2000045 /* Outfit.ttf */ = {isa = PBXFileReference; lastKnownFileType = file; path = Outfit.ttf; sourceTree = "<group>"; };
		A2000046 /* TaskCardView.swift */ = {isa = PBXFileReference; lastKnownFileType = sourcecode.swift; path = TaskCardView.swift; sourceTree = "<group>"; };
		A2000047 /* TasklistView.swift */ = {isa = PBXFileReference; lastKnownFileType = sourcecode.swift; path = TasklistView.swift; sourceTree = "<group>"; };
		A2000048 /* SubscriptionService.swift */ = {isa = PBXFileReference; lastKnownFileType = sourcecode.swift; path = SubscriptionService.swift; sourceTree = "<group>"; };
		A2000049 /* PaywallView.swift */ = {isa = PBXFileReference; lastKnownFileType = sourcecode.swift; path = PaywallView.swift; sourceTree = "<group>"; };
		A2000050 /* SharedModelContainer.swift */ = {isa = PBXFileReference; lastKnownFileType = sourcecode.swift; path = SharedModelContainer.swift; sourceTree = "<group>"; };
		A2000052 /* AiTaskAssistant.entitlements */ = {isa = PBXFileReference; lastKnownFileType = text.plist.entitlements; path = AiTaskAssistant.entitlements; sourceTree = "<group>"; };
		A2000053 /* Localizable.xcstrings */ = {isa = PBXFileReference; lastKnownFileType = text.json.xcstrings; path = Localizable.xcstrings; sourceTree = "<group>"; };
		A2000054 /* OnboardingFlowView.swift */ = {isa = PBXFileReference; lastKnownFileType = sourcecode.swift; path = OnboardingFlowView.swift; sourceTree = "<group>"; };
		A2000055 /* CustomCategory.swift */ = {isa = PBXFileReference; lastKnownFileType = sourcecode.swift; path = CustomCategory.swift; sourceTree = "<group>"; };
		A2000056 /* CustomCategoryPicker.swift */ = {isa = PBXFileReference; lastKnownFileType = sourcecode.swift; path = CustomCategoryPicker.swift; sourceTree = "<group>"; };
		D2000002 /* AiTaskAssistantWidgetsBundle.swift */ = {isa = PBXFileReference; lastKnownFileType = sourcecode.swift; path = AiTaskAssistantWidgetsBundle.swift; sourceTree = "<group>"; };
		D2000003 /* TaskWidgetData.swift */ = {isa = PBXFileReference; lastKnownFileType = sourcecode.swift; path = TaskWidgetData.swift; sourceTree = "<group>"; };
		D2000004 /* Info.plist */ = {isa = PBXFileReference; lastKnownFileType = text.plist.xml; path = Info.plist; sourceTree = "<group>"; };
		D2000005 /* AiTaskAssistantWidgets.entitlements */ = {isa = PBXFileReference; lastKnownFileType = text.plist.entitlements; path = AiTaskAssistantWidgets.entitlements; sourceTree = "<group>"; };
		D2000010 /* AiTaskAssistantWidgets.appex */ = {isa = PBXFileReference; explicitFileType = "wrapper.app-extension"; includeInIndex = 0; path = AiTaskAssistantWidgets.appex; sourceTree = BUILT_PRODUCTS_DIR; };
/* End PBXFileReference section */

/* Begin PBXFrameworksBuildPhase section */
		A3000001 /* Frameworks */ = {
			isa = PBXFrameworksBuildPhase;
			buildActionMask = 2147483647;
			files = (
				C1000001 /* RevenueCat in Frameworks */,
			);
			runOnlyForDeploymentPostprocessing = 0;
		};
		A3000002 /* Frameworks (Tests) */ = {
			isa = PBXFrameworksBuildPhase;
			buildActionMask = 2147483647;
			files = (
			);
			runOnlyForDeploymentPostprocessing = 0;
		};
		D3000001 /* Frameworks (Widgets) */ = {
			isa = PBXFrameworksBuildPhase;
			buildActionMask = 2147483647;
			files = (
			);
			runOnlyForDeploymentPostprocessing = 0;
		};
/* End PBXFrameworksBuildPhase section */

/* Begin PBXGroup section */
		A4000001 /* Root */ = {
			isa = PBXGroup;
			children = (
				A4000002 /* AiTaskAssistant */,
				A4000003 /* AiTaskAssistantTests */,
				D4000001 /* AiTaskAssistantWidgets */,
				A4000004 /* Products */,
			);
			sourceTree = "<group>";
		};
		A4000002 /* AiTaskAssistant */ = {
			isa = PBXGroup;
			children = (
				A4000005 /* App */,
				A4000006 /* Views */,
				A4000007 /* Models */,
				A4000008 /* Services */,
				A4000009 /* Intents */,
				A4000010 /* LanguagePacks */,
				A4000011 /* DesignSystem */,
				A4000012 /* Fonts */,
				A2000016 /* Assets.xcassets */,
				A2000009 /* Info.plist */,
				A2000052 /* AiTaskAssistant.entitlements */,
				A2000053 /* Localizable.xcstrings */,
			);
			path = AiTaskAssistant;
			sourceTree = "<group>";
		};
		D4000001 /* AiTaskAssistantWidgets */ = {
			isa = PBXGroup;
			children = (
				D2000002 /* AiTaskAssistantWidgetsBundle.swift */,
				D2000003 /* TaskWidgetData.swift */,
				D2000004 /* Info.plist */,
				D2000005 /* AiTaskAssistantWidgets.entitlements */,
			);
			path = AiTaskAssistantWidgets;
			sourceTree = "<group>";
		};
		A4000003 /* AiTaskAssistantTests */ = {
			isa = PBXGroup;
			children = (
				A2000008 /* AiTaskAssistantTests.swift */,
				A2000021 /* ExtractionCorpus.swift */,
				A2000022 /* ExtractionAccuracyTests.swift */,
				A2000037 /* EntityMemoryServiceTests.swift */,
				A2000039 /* STTNormalizationTests.swift */,
			);
			path = AiTaskAssistantTests;
			sourceTree = "<group>";
		};
		A4000004 /* Products */ = {
			isa = PBXGroup;
			children = (
				A2000010 /* AiTaskAssistant.app */,
				A2000011 /* AiTaskAssistantTests.xctest */,
				D2000010 /* AiTaskAssistantWidgets.appex */,
			);
			name = Products;
			sourceTree = "<group>";
		};
		A4000005 /* App */ = {
			isa = PBXGroup;
			children = (
				A2000001 /* AiTaskAssistantApp.swift */,
			);
			path = App;
			sourceTree = "<group>";
		};
		A4000006 /* Views */ = {
			isa = PBXGroup;
			children = (
				A2000002 /* ContentView.swift */,
				A2000003 /* NoteView.swift */,
				A2000004 /* WeekView.swift */,
				A2000012 /* ExtractionHarnessView.swift */,
				A2000013 /* TaskEditView.swift */,
				A2000024 /* OnboardingLanguageView.swift */,
				A2000042 /* ShoppingListView.swift */,
				A2000043 /* SettingsView.swift */,
				A2000046 /* TaskCardView.swift */,
				A2000047 /* TasklistView.swift */,
				A2000049 /* PaywallView.swift */,
				A2000054 /* OnboardingFlowView.swift */,
				A2000056 /* CustomCategoryPicker.swift */,
			);
			path = Views;
			sourceTree = "<group>";
		};
		A4000007 /* Models */ = {
			isa = PBXGroup;
			children = (
				A2000005 /* TaskItem.swift */,
				A2000023 /* SupportedLanguage.swift */,
				A2000025 /* NoteLine.swift */,
				A2000035 /* EntityMemory.swift */,
				A2000041 /* ShoppingItem.swift */,
				A2000055 /* CustomCategory.swift */,
			);
			path = Models;
			sourceTree = "<group>";
		};
		A4000008 /* Services */ = {
			isa = PBXGroup;
			children = (
				A2000006 /* RuleBasedExtractionService.swift */,
				A2000026 /* LanguagePack.swift */,
				A2000014 /* SpeechRecognizer.swift */,
				A2000015 /* NotificationService.swift */,
				A2000036 /* EntityMemoryService.swift */,
				A2000038 /* FoundationModelsFallback.swift */,
				A2000048 /* SubscriptionService.swift */,
				A2000050 /* SharedModelContainer.swift */,
			);
			path = Services;
			sourceTree = "<group>";
		};
		A4000009 /* Intents */ = {
			isa = PBXGroup;
			children = (
				A2000007 /* AddTaskIntent.swift */,
			);
			path = Intents;
			sourceTree = "<group>";
		};
		A4000010 /* LanguagePacks */ = {
			isa = PBXGroup;
			children = (
				A2000027 /* en.json */,
				A2000028 /* de.json */,
				A2000029 /* fr.json */,
				A2000030 /* es.json */,
				A2000031 /* it.json */,
				A2000032 /* pt.json */,
				A2000033 /* nl.json */,
				A2000034 /* pl.json */,
			);
			path = LanguagePacks;
			sourceTree = "<group>";
		};
		A4000011 /* DesignSystem */ = {
			isa = PBXGroup;
			children = (
				A2000040 /* Theme.swift */,
			);
			path = DesignSystem;
			sourceTree = "<group>";
		};
		A4000012 /* Fonts */ = {
			isa = PBXGroup;
			children = (
				A2000044 /* BricolageGrotesque.ttf */,
				A2000045 /* Outfit.ttf */,
			);
			path = Fonts;
			sourceTree = "<group>";
		};
/* End PBXGroup section */

/* Begin PBXNativeTarget section */
		A5000001 /* AiTaskAssistant */ = {
			isa = PBXNativeTarget;
			buildConfigurationList = A6000001 /* Build configuration list for PBXNativeTarget "AiTaskAssistant" */;
			buildPhases = (
				A7000001 /* Sources */,
				A3000001 /* Frameworks */,
				A7000002 /* Resources */,
				D9000001 /* Embed Foundation Extensions */,
			);
			buildRules = (
			);
			dependencies = (
				D8000002 /* PBXTargetDependency */,
			);
			name = AiTaskAssistant;
			packageProductDependencies = (
				C3000001 /* RevenueCat */,
			);
			productName = AiTaskAssistant;
			productReference = A2000010 /* AiTaskAssistant.app */;
			productType = "com.apple.product-type.application";
		};
		A5000002 /* AiTaskAssistantTests */ = {
			isa = PBXNativeTarget;
			buildConfigurationList = A6000002 /* Build configuration list for PBXNativeTarget "AiTaskAssistantTests" */;
			buildPhases = (
				A7000003 /* Sources */,
				A3000002 /* Frameworks (Tests) */,
			);
			buildRules = (
			);
			dependencies = (
				A8000001 /* PBXTargetDependency */,
			);
			name = AiTaskAssistantTests;
			productName = AiTaskAssistantTests;
			productReference = A2000011 /* AiTaskAssistantTests.xctest */;
			productType = "com.apple.product-type.bundle.unit-test";
		};
		D5000001 /* AiTaskAssistantWidgets */ = {
			isa = PBXNativeTarget;
			buildConfigurationList = D6000001 /* Build configuration list for PBXNativeTarget "AiTaskAssistantWidgets" */;
			buildPhases = (
				D7000001 /* Sources (Widgets) */,
				D3000001 /* Frameworks (Widgets) */,
			);
			buildRules = (
			);
			dependencies = (
			);
			name = AiTaskAssistantWidgets;
			productName = AiTaskAssistantWidgets;
			productReference = D2000010 /* AiTaskAssistantWidgets.appex */;
			productType = "com.apple.product-type.app-extension";
		};
/* End PBXNativeTarget section */

/* Begin PBXProject section */
		A9000001 /* Project object */ = {
			isa = PBXProject;
			attributes = {
				BuildIndependentTargetsInParallel = 1;
				LastSwiftUpdateCheck = 1600;
				LastUpgradeCheck = 1600;
				TargetAttributes = {
					A5000001 = {
						CreatedOnToolsVersion = 16.0;
					};
					A5000002 = {
						CreatedOnToolsVersion = 16.0;
						TestTargetID = A5000001;
					};
					D5000001 = {
						CreatedOnToolsVersion = 16.0;
					};
				};
			};
			buildConfigurationList = A6000003 /* Build configuration list for PBXProject "AiTaskAssistant" */;
			compatibilityVersion = "Xcode 14.0";
			developmentRegion = en;
			hasScannedForEncodings = 0;
			knownRegions = (
				en,
				de,
				es,
				fr,
				it,
				nl,
				pl,
				pt,
				Base,
			);
			mainGroup = A4000001 /* Root */;
			packageReferences = (
				C2000001 /* XCRemoteSwiftPackageReference "purchases-ios" */,
			);
			productRefGroup = A4000004 /* Products */;
			projectDirPath = "";
			projectRoot = "";
			targets = (
				A5000001 /* AiTaskAssistant */,
				A5000002 /* AiTaskAssistantTests */,
				D5000001 /* AiTaskAssistantWidgets */,
			);
		};
/* End PBXProject section */

/* Begin PBXResourcesBuildPhase section */
		A7000002 /* Resources */ = {
			isa = PBXResourcesBuildPhase;
			buildActionMask = 2147483647;
			files = (
				A1000013 /* Assets.xcassets in Resources */,
				A1000023 /* en.json in Resources */,
				A1000024 /* de.json in Resources */,
				A1000025 /* fr.json in Resources */,
				A1000026 /* es.json in Resources */,
				A1000027 /* it.json in Resources */,
				A1000028 /* pt.json in Resources */,
				A1000029 /* nl.json in Resources */,
				A1000030 /* pl.json in Resources */,
				A1000040 /* BricolageGrotesque.ttf in Resources */,
				A1000041 /* Outfit.ttf in Resources */,
				A1000047 /* Localizable.xcstrings in Resources */,
			);
			runOnlyForDeploymentPostprocessing = 0;
		};
/* End PBXResourcesBuildPhase section */

/* Begin PBXCopyFilesBuildPhase section */
		D9000001 /* Embed Foundation Extensions */ = {
			isa = PBXCopyFilesBuildPhase;
			buildActionMask = 2147483647;
			dstPath = "";
			dstSubfolderSpec = 13;
			files = (
				D1000010 /* AiTaskAssistantWidgets.appex in Embed Foundation Extensions */,
			);
			name = "Embed Foundation Extensions";
			runOnlyForDeploymentPostprocessing = 0;
		};
/* End PBXCopyFilesBuildPhase section */

/* Begin PBXContainerItemProxy section */
		D8000001 /* PBXContainerItemProxy */ = {
			isa = PBXContainerItemProxy;
			containerPortal = A9000001 /* Project object */;
			proxyType = 1;
			remoteGlobalIDString = D5000001;
			remoteInfo = AiTaskAssistantWidgets;
		};
/* End PBXContainerItemProxy section */

/* Begin PBXSourcesBuildPhase section */
		A7000001 /* Sources */ = {
			isa = PBXSourcesBuildPhase;
			buildActionMask = 2147483647;
			files = (
				A1000001 /* AiTaskAssistantApp.swift in Sources */,
				A1000002 /* ContentView.swift in Sources */,
				A1000003 /* NoteView.swift in Sources */,
				A1000004 /* WeekView.swift in Sources */,
				A1000005 /* TaskItem.swift in Sources */,
				A1000006 /* RuleBasedExtractionService.swift in Sources */,
				A1000007 /* AddTaskIntent.swift in Sources */,
				A1000009 /* ExtractionHarnessView.swift in Sources */,
				A1000010 /* TaskEditView.swift in Sources */,
				A1000011 /* SpeechRecognizer.swift in Sources */,
				A1000012 /* NotificationService.swift in Sources */,
				A1000019 /* SupportedLanguage.swift in Sources */,
				A1000020 /* OnboardingLanguageView.swift in Sources */,
				A1000021 /* NoteLine.swift in Sources */,
				A1000022 /* LanguagePack.swift in Sources */,
				A1000031 /* EntityMemory.swift in Sources */,
				A1000032 /* EntityMemoryService.swift in Sources */,
				A1000034 /* FoundationModelsFallback.swift in Sources */,
				A1000036 /* Theme.swift in Sources */,
				A1000037 /* ShoppingItem.swift in Sources */,
				A1000038 /* ShoppingListView.swift in Sources */,
				A1000039 /* SettingsView.swift in Sources */,
				A1000042 /* TaskCardView.swift in Sources */,
				A1000043 /* TasklistView.swift in Sources */,
				A1000044 /* SubscriptionService.swift in Sources */,
				A1000045 /* PaywallView.swift in Sources */,
				A1000046 /* SharedModelContainer.swift in Sources */,
				A1000048 /* OnboardingFlowView.swift in Sources */,
				A1000049 /* CustomCategory.swift in Sources */,
				A1000050 /* CustomCategoryPicker.swift in Sources */,
			);
			runOnlyForDeploymentPostprocessing = 0;
		};
		D7000001 /* Sources (Widgets) */ = {
			isa = PBXSourcesBuildPhase;
			buildActionMask = 2147483647;
			files = (
				D1000001 /* AiTaskAssistantWidgetsBundle.swift in Sources */,
				D1000002 /* TaskWidgetData.swift in Sources */,
				D1000003 /* SharedModelContainer.swift in Sources */,
				D1000004 /* TaskItem.swift in Sources */,
				D1000005 /* NoteLine.swift in Sources */,
				D1000006 /* EntityMemory.swift in Sources */,
				D1000007 /* ShoppingItem.swift in Sources */,
				D1000008 /* CustomCategory.swift in Sources */,
			);
			runOnlyForDeploymentPostprocessing = 0;
		};
		A7000003 /* Sources (Tests) */ = {
			isa = PBXSourcesBuildPhase;
			buildActionMask = 2147483647;
			files = (
				A1000008 /* AiTaskAssistantTests.swift in Sources */,
				A1000017 /* ExtractionCorpus.swift in Sources */,
				A1000018 /* ExtractionAccuracyTests.swift in Sources */,
				A1000033 /* EntityMemoryServiceTests.swift in Sources */,
				A1000035 /* STTNormalizationTests.swift in Sources */,
			);
			runOnlyForDeploymentPostprocessing = 0;
		};
/* End PBXSourcesBuildPhase section */

/* Begin PBXTargetDependency section */
		A8000001 /* PBXTargetDependency */ = {
			isa = PBXTargetDependency;
			target = A5000001 /* AiTaskAssistant */;
		};
		D8000002 /* PBXTargetDependency */ = {
			isa = PBXTargetDependency;
			target = D5000001 /* AiTaskAssistantWidgets */;
			targetProxy = D8000001 /* PBXContainerItemProxy */;
		};
/* End PBXTargetDependency section */

/* Begin XCBuildConfiguration section */
		AB000001 /* Debug (App) */ = {
			isa = XCBuildConfiguration;
			buildSettings = {
				ASSETCATALOG_COMPILER_APPICON_NAME = AppIcon;
				CODE_SIGN_ENTITLEMENTS = AiTaskAssistant/AiTaskAssistant.entitlements;
				CODE_SIGN_STYLE = Automatic;
				CURRENT_PROJECT_VERSION = 17;
				DEVELOPMENT_TEAM = "";
				GENERATE_INFOPLIST_FILE = NO;
				INFOPLIST_FILE = AiTaskAssistant/Info.plist;
				IPHONEOS_DEPLOYMENT_TARGET = 17.0;
				LD_RUNPATH_SEARCH_PATHS = (
					"$(inherited)",
					"@executable_path/Frameworks",
				);
				MARKETING_VERSION = 1.0;
				PRODUCT_BUNDLE_IDENTIFIER = "com.matsb.AiTaskAssistant";
				PRODUCT_NAME = "$(TARGET_NAME)";
				SWIFT_EMIT_LOC_STRINGS = YES;
				SWIFT_VERSION = 6.0;
				TARGETED_DEVICE_FAMILY = 1;
			};
			name = Debug;
		};
		AB000002 /* Release (App) */ = {
			isa = XCBuildConfiguration;
			buildSettings = {
				ASSETCATALOG_COMPILER_APPICON_NAME = AppIcon;
				CODE_SIGN_ENTITLEMENTS = AiTaskAssistant/AiTaskAssistant.entitlements;
				CODE_SIGN_STYLE = Automatic;
				CURRENT_PROJECT_VERSION = 17;
				DEVELOPMENT_TEAM = "";
				GENERATE_INFOPLIST_FILE = NO;
				INFOPLIST_FILE = AiTaskAssistant/Info.plist;
				IPHONEOS_DEPLOYMENT_TARGET = 17.0;
				LD_RUNPATH_SEARCH_PATHS = (
					"$(inherited)",
					"@executable_path/Frameworks",
				);
				MARKETING_VERSION = 1.0;
				PRODUCT_BUNDLE_IDENTIFIER = "com.matsb.AiTaskAssistant";
				PRODUCT_NAME = "$(TARGET_NAME)";
				SWIFT_EMIT_LOC_STRINGS = YES;
				SWIFT_VERSION = 6.0;
				TARGETED_DEVICE_FAMILY = 1;
			};
			name = Release;
		};
		AB000003 /* Debug (Tests) */ = {
			isa = XCBuildConfiguration;
			buildSettings = {
				BUNDLE_LOADER = "$(TEST_HOST)";
				CODE_SIGN_STYLE = Automatic;
				CURRENT_PROJECT_VERSION = 17;
				DEVELOPMENT_TEAM = "";
				GENERATE_INFOPLIST_FILE = YES;
				IPHONEOS_DEPLOYMENT_TARGET = 17.0;
				MARKETING_VERSION = 1.0;
				PRODUCT_BUNDLE_IDENTIFIER = "com.matsb.AiTaskAssistantTests";
				PRODUCT_NAME = "$(TARGET_NAME)";
				SWIFT_VERSION = 6.0;
				TARGETED_DEVICE_FAMILY = 1;
				TEST_HOST = "$(BUILT_PRODUCTS_DIR)/AiTaskAssistant.app/$(BUNDLE_EXECUTABLE_FOLDER_PATH)/AiTaskAssistant";
			};
			name = Debug;
		};
		AB000004 /* Release (Tests) */ = {
			isa = XCBuildConfiguration;
			buildSettings = {
				BUNDLE_LOADER = "$(TEST_HOST)";
				CODE_SIGN_STYLE = Automatic;
				CURRENT_PROJECT_VERSION = 17;
				DEVELOPMENT_TEAM = "";
				GENERATE_INFOPLIST_FILE = YES;
				IPHONEOS_DEPLOYMENT_TARGET = 17.0;
				MARKETING_VERSION = 1.0;
				PRODUCT_BUNDLE_IDENTIFIER = "com.matsb.AiTaskAssistantTests";
				PRODUCT_NAME = "$(TARGET_NAME)";
				SWIFT_VERSION = 6.0;
				TARGETED_DEVICE_FAMILY = 1;
				TEST_HOST = "$(BUILT_PRODUCTS_DIR)/AiTaskAssistant.app/$(BUNDLE_EXECUTABLE_FOLDER_PATH)/AiTaskAssistant";
			};
			name = Release;
		};
		AB000005 /* Debug (Project) */ = {
			isa = XCBuildConfiguration;
			buildSettings = {
				ALWAYS_SEARCH_USER_PATHS = NO;
				CLANG_ANALYZER_NONNULL = YES;
				CLANG_ANALYZER_NUMBER_OBJECT_CONVERSION = YES_AGGRESSIVE;
				CLANG_CXX_LANGUAGE_STANDARD = "gnu++20";
				CLANG_ENABLE_MODULES = YES;
				CLANG_ENABLE_OBJC_ARC = YES;
				CLANG_ENABLE_OBJC_WEAK = YES;
				CLANG_WARN_BLOCK_CAPTURE_AUTORELEASING = YES;
				CLANG_WARN_BOOL_CONVERSION = YES;
				CLANG_WARN_COMMA = YES;
				CLANG_WARN_CONSTANT_CONVERSION = YES;
				CLANG_WARN_DEPRECATED_OBJC_IMPLEMENTATIONS = YES;
				CLANG_WARN_DIRECT_OBJC_ISA_USAGE = YES_ERROR;
				CLANG_WARN_DOCUMENTATION_COMMENTS = YES;
				CLANG_WARN_EMPTY_BODY = YES;
				CLANG_WARN_ENUM_CONVERSION = YES;
				CLANG_WARN_INFINITE_RECURSION = YES;
				CLANG_WARN_INT_CONVERSION = YES;
				CLANG_WARN_NON_LITERAL_NULL_CONVERSION = YES;
				CLANG_WARN_OBJC_IMPLICIT_RETAIN_SELF = YES;
				CLANG_WARN_OBJC_LITERAL_CONVERSION = YES;
				CLANG_WARN_OBJC_ROOT_CLASS = YES_ERROR;
				CLANG_WARN_QUOTED_INCLUDE_IN_FRAMEWORK_HEADER = YES;
				CLANG_WARN_RANGE_LOOP_ANALYSIS = YES;
				CLANG_WARN_STRICT_PROTOTYPES = YES;
				CLANG_WARN_SUSPICIOUS_MOVE = YES;
				CLANG_WARN_UNGUARDED_AVAILABILITY = YES_AGGRESSIVE;
				CLANG_WARN_UNREACHABLE_CODE = YES;
				CLANG_WARN__DUPLICATE_METHOD_MATCH = YES;
				COPY_PHASE_STRIP = NO;
				DEBUG_INFORMATION_FORMAT = dwarf;
				ENABLE_STRICT_OBJC_MSGSEND = YES;
				ENABLE_TESTABILITY = YES;
				GCC_C_LANGUAGE_STANDARD = gnu17;
				GCC_DYNAMIC_NO_PIC = NO;
				GCC_NO_COMMON_BLOCKS = YES;
				GCC_OPTIMIZATION_LEVEL = 0;
				GCC_PREPROCESSOR_DEFINITIONS = (
					"DEBUG=1",
					"$(inherited)",
				);
				GCC_WARN_64_TO_32_BIT_CONVERSION = YES;
				GCC_WARN_ABOUT_RETURN_TYPE = YES_ERROR;
				GCC_WARN_UNDECLARED_SELECTOR = YES;
				GCC_WARN_UNINITIALIZED_AUTOS = YES_AGGRESSIVE;
				GCC_WARN_UNUSED_FUNCTION = YES;
				GCC_WARN_UNUSED_VARIABLE = YES;
				IPHONEOS_DEPLOYMENT_TARGET = 17.0;
				MTL_ENABLE_DEBUG_INFO = INCLUDE_SOURCE;
				MTL_FAST_MATH = YES;
				ONLY_ACTIVE_ARCH = YES;
				SDKROOT = iphoneos;
				SWIFT_ACTIVE_COMPILATION_CONDITIONS = DEBUG;
				SWIFT_OPTIMIZATION_LEVEL = "-Onone";
			};
			name = Debug;
		};
		AB000006 /* Release (Project) */ = {
			isa = XCBuildConfiguration;
			buildSettings = {
				ALWAYS_SEARCH_USER_PATHS = NO;
				CLANG_ANALYZER_NONNULL = YES;
				CLANG_ANALYZER_NUMBER_OBJECT_CONVERSION = YES_AGGRESSIVE;
				CLANG_CXX_LANGUAGE_STANDARD = "gnu++20";
				CLANG_ENABLE_MODULES = YES;
				CLANG_ENABLE_OBJC_ARC = YES;
				CLANG_ENABLE_OBJC_WEAK = YES;
				CLANG_WARN_BLOCK_CAPTURE_AUTORELEASING = YES;
				CLANG_WARN_BOOL_CONVERSION = YES;
				CLANG_WARN_COMMA = YES;
				CLANG_WARN_CONSTANT_CONVERSION = YES;
				CLANG_WARN_DEPRECATED_OBJC_IMPLEMENTATIONS = YES;
				CLANG_WARN_DIRECT_OBJC_ISA_USAGE = YES_ERROR;
				CLANG_WARN_DOCUMENTATION_COMMENTS = YES;
				CLANG_WARN_EMPTY_BODY = YES;
				CLANG_WARN_ENUM_CONVERSION = YES;
				CLANG_WARN_INFINITE_RECURSION = YES;
				CLANG_WARN_INT_CONVERSION = YES;
				CLANG_WARN_NON_LITERAL_NULL_CONVERSION = YES;
				CLANG_WARN_OBJC_IMPLICIT_RETAIN_SELF = YES;
				CLANG_WARN_OBJC_LITERAL_CONVERSION = YES;
				CLANG_WARN_OBJC_ROOT_CLASS = YES_ERROR;
				CLANG_WARN_QUOTED_INCLUDE_IN_FRAMEWORK_HEADER = YES;
				CLANG_WARN_RANGE_LOOP_ANALYSIS = YES;
				CLANG_WARN_STRICT_PROTOTYPES = YES;
				CLANG_WARN_SUSPICIOUS_MOVE = YES;
				CLANG_WARN_UNGUARDED_AVAILABILITY = YES_AGGRESSIVE;
				CLANG_WARN_UNREACHABLE_CODE = YES;
				CLANG_WARN__DUPLICATE_METHOD_MATCH = YES;
				COPY_PHASE_STRIP = NO;
				DEBUG_INFORMATION_FORMAT = "dwarf-with-dsym";
				ENABLE_NS_ASSERTIONS = NO;
				ENABLE_STRICT_OBJC_MSGSEND = YES;
				GCC_C_LANGUAGE_STANDARD = gnu17;
				GCC_NO_COMMON_BLOCKS = YES;
				GCC_WARN_64_TO_32_BIT_CONVERSION = YES;
				GCC_WARN_ABOUT_RETURN_TYPE = YES_ERROR;
				GCC_WARN_UNDECLARED_SELECTOR = YES;
				GCC_WARN_UNINITIALIZED_AUTOS = YES_AGGRESSIVE;
				GCC_WARN_UNUSED_FUNCTION = YES;
				GCC_WARN_UNUSED_VARIABLE = YES;
				IPHONEOS_DEPLOYMENT_TARGET = 17.0;
				MTL_FAST_MATH = YES;
				SDKROOT = iphoneos;
				SWIFT_COMPILATION_MODE = wholemodule;
				SWIFT_OPTIMIZATION_LEVEL = "-O";
				VALIDATE_PRODUCT = YES;
			};
			name = Release;
		};
		D6100001 /* Debug (Widgets) */ = {
			isa = XCBuildConfiguration;
			buildSettings = {
				CODE_SIGN_ENTITLEMENTS = AiTaskAssistantWidgets/AiTaskAssistantWidgets.entitlements;
				CODE_SIGN_STYLE = Automatic;
				CURRENT_PROJECT_VERSION = 17;
				DEVELOPMENT_TEAM = "";
				GENERATE_INFOPLIST_FILE = NO;
				INFOPLIST_FILE = AiTaskAssistantWidgets/Info.plist;
				IPHONEOS_DEPLOYMENT_TARGET = 17.0;
				LD_RUNPATH_SEARCH_PATHS = (
					"$(inherited)",
					"@executable_path/Frameworks",
					"@executable_path/../../Frameworks",
				);
				MARKETING_VERSION = 1.0;
				PRODUCT_BUNDLE_IDENTIFIER = "com.matsb.AiTaskAssistant.Widgets";
				PRODUCT_NAME = "$(TARGET_NAME)";
				SKIP_INSTALL = YES;
				SWIFT_EMIT_LOC_STRINGS = YES;
				SWIFT_VERSION = 6.0;
				TARGETED_DEVICE_FAMILY = 1;
			};
			name = Debug;
		};
		D6100002 /* Release (Widgets) */ = {
			isa = XCBuildConfiguration;
			buildSettings = {
				CODE_SIGN_ENTITLEMENTS = AiTaskAssistantWidgets/AiTaskAssistantWidgets.entitlements;
				CODE_SIGN_STYLE = Automatic;
				CURRENT_PROJECT_VERSION = 17;
				DEVELOPMENT_TEAM = "";
				GENERATE_INFOPLIST_FILE = NO;
				INFOPLIST_FILE = AiTaskAssistantWidgets/Info.plist;
				IPHONEOS_DEPLOYMENT_TARGET = 17.0;
				LD_RUNPATH_SEARCH_PATHS = (
					"$(inherited)",
					"@executable_path/Frameworks",
					"@executable_path/../../Frameworks",
				);
				MARKETING_VERSION = 1.0;
				PRODUCT_BUNDLE_IDENTIFIER = "com.matsb.AiTaskAssistant.Widgets";
				PRODUCT_NAME = "$(TARGET_NAME)";
				SKIP_INSTALL = YES;
				SWIFT_EMIT_LOC_STRINGS = YES;
				SWIFT_VERSION = 6.0;
				TARGETED_DEVICE_FAMILY = 1;
			};
			name = Release;
		};
/* End XCBuildConfiguration section */

/* Begin XCConfigurationList section */
		A6000001 /* Build configuration list for PBXNativeTarget "AiTaskAssistant" */ = {
			isa = XCConfigurationList;
			buildConfigurations = (
				AB000001 /* Debug */,
				AB000002 /* Release */,
			);
			defaultConfigurationIsVisible = 0;
			defaultConfigurationName = Release;
		};
		A6000002 /* Build configuration list for PBXNativeTarget "AiTaskAssistantTests" */ = {
			isa = XCConfigurationList;
			buildConfigurations = (
				AB000003 /* Debug */,
				AB000004 /* Release */,
			);
			defaultConfigurationIsVisible = 0;
			defaultConfigurationName = Release;
		};
		A6000003 /* Build configuration list for PBXProject "AiTaskAssistant" */ = {
			isa = XCConfigurationList;
			buildConfigurations = (
				AB000005 /* Debug */,
				AB000006 /* Release */,
			);
			defaultConfigurationIsVisible = 0;
			defaultConfigurationName = Release;
		};
		D6000001 /* Build configuration list for PBXNativeTarget "AiTaskAssistantWidgets" */ = {
			isa = XCConfigurationList;
			buildConfigurations = (
				D6100001 /* Debug */,
				D6100002 /* Release */,
			);
			defaultConfigurationIsVisible = 0;
			defaultConfigurationName = Release;
		};
/* End XCConfigurationList section */

/* Begin XCRemoteSwiftPackageReference section */
		C2000001 /* XCRemoteSwiftPackageReference "purchases-ios" */ = {
			isa = XCRemoteSwiftPackageReference;
			repositoryURL = "https://github.com/RevenueCat/purchases-ios.git";
			requirement = {
				kind = upToNextMajorVersion;
				minimumVersion = 5.0.0;
			};
		};
/* End XCRemoteSwiftPackageReference section */

/* Begin XCSwiftPackageProductDependency section */
		C3000001 /* RevenueCat */ = {
			isa = XCSwiftPackageProductDependency;
			package = C2000001 /* XCRemoteSwiftPackageReference "purchases-ios" */;
			productName = RevenueCat;
		};
/* End XCSwiftPackageProductDependency section */

	};
	rootObject = A9000001 /* Project object */;
}
